// !$*UTF8*$!
{
	archiveVersion = 1;
	classes = {
	};
	objectVersion = 46;
	objects = {

/* Begin PBXBuildFile section */
		2AA9770B1DE760950075C381 /* AppDelegate.swift in Sources */ = {isa = PBXBuildFile; fileRef = 2AA9770A1DE760950075C381 /* AppDelegate.swift */; };
		2AA9770D1DE760950075C381 /* ViewController.swift in Sources */ = {isa = PBXBuildFile; fileRef = 2AA9770C1DE760950075C381 /* ViewController.swift */; };
		2AA977101DE760950075C381 /* Main.storyboard in Resources */ = {isa = PBXBuildFile; fileRef = 2AA9770E1DE760950075C381 /* Main.storyboard */; };
		2AA977121DE760950075C381 /* Assets.xcassets in Resources */ = {isa = PBXBuildFile; fileRef = 2AA977111DE760950075C381 /* Assets.xcassets */; };
		2AA977151DE760950075C381 /* LaunchScreen.storyboard in Resources */ = {isa = PBXBuildFile; fileRef = 2AA977131DE760950075C381 /* LaunchScreen.storyboard */; };
/* End PBXBuildFile section */

/* Begin PBXFileReference section */
		2AA977071DE760950075C381 /* speechtotext.app */ = {isa = PBXFileReference; explicitFileType = wrapper.application; includeInIndex = 0; path = speechtotext.app; sourceTree = BUILT_PRODUCTS_DIR; };
		2AA9770A1DE760950075C381 /* AppDelegate.swift */ = {isa = PBXFileReference; lastKnownFileType = sourcecode.swift; path = AppDelegate.swift; sourceTree = "<group>"; };
		2AA9770C1DE760950075C381 /* ViewController.swift */ = {isa = PBXFileReference; lastKnownFileType = sourcecode.swift; path = ViewController.swift; sourceTree = "<group>"; };
		2AA9770F1DE760950075C381 /* Base */ = {isa = PBXFileReference; lastKnownFileType = file.storyboard; name = Base; path = Base.lproj/Main.storyboard; sourceTree = "<group>"; };
		2AA977111DE760950075C381 /* Assets.xcassets */ = {isa = PBXFileReference; lastKnownFileType = folder.assetcatalog; path = Assets.xcassets; sourceTree = "<group>"; };
		2AA977141DE760950075C381 /* Base */ = {isa = PBXFileReference; lastKnownFileType = file.storyboard; name = Base; path = Base.lproj/LaunchScreen.storyboard; sourceTree = "<group>"; };
		2AA977161DE760950075C381 /* Info.plist */ = {isa = PBXFileReference; lastKnownFileType = text.plist.xml; path = Info.plist; sourceTree = "<group>"; };
/* End PBXFileReference section */

/* Begin PBXFrameworksBuildPhase section */
		2AA977041DE760950075C381 /* Frameworks */ = {
			isa = PBXFrameworksBuildPhase;
			buildActionMask = 2147483647;
			files = (
			);
			runOnlyForDeploymentPostprocessing = 0;
		};
/* End PBXFrameworksBuildPhase section */

/* Begin PBXGroup section */
		2AA976FE1DE760950075C381 = {
			isa = PBXGroup;
			children = (
				2AA977091DE760950075C381 /* speechtotext */,
				2AA977081DE760950075C381 /* Products */,
			);
			sourceTree = "<group>";
		};
		2AA977081DE760950075C381 /* Products */ = {
			isa = PBXGroup;
			children = (
				2AA977071DE760950075C381 /* speechtotext.app */,
			);
			name = Products;
			sourceTree = "<group>";
		};
		2AA977091DE760950075C381 /* speechtotext */ = {
			isa = PBXGroup;
			children = (
				2AA9770A1DE760950075C381 /* AppDelegate.swift */,
				2AA9770C1DE760950075C381 /* ViewController.swift */,
				2AA9770E1DE760950075C381 /* Main.storyboard */,
				2AA977111DE760950075C381 /* Assets.xcassets */,
				2AA977131DE760950075C381 /* LaunchScreen.storyboard */,
				2AA977161DE760950075C381 /* Info.plist */,
			);
			path = speechtotext;
			sourceTree = "<group>";
		};
/* End PBXGroup section */

/* Begin PBXNativeTarget section */
		2AA977061DE760950075C381 /* speechtotext */ = {
			isa = PBXNativeTarget;
			buildConfigurationList = 2AA977191DE760950075C381 /* Build configuration list for PBXNativeTarget "speechtotext" */;
			buildPhases = (
				2AA977031DE760950075C381 /* Sources */,
				2AA977041DE760950075C381 /* Frameworks */,
				2AA977051DE760950075C381 /* Resources */,
			);
			buildRules = (
			);
			dependencies = (
			);
			name = speechtotext;
			productName = speechtotext;
			productReference = 2AA977071DE760950075C381 /* speechtotext.app */;
			productType = "com.apple.product-type.application";
		};
/* End PBXNativeTarget section */

/* Begin PBXProject section */
		2AA976FF1DE760950075C381 /* Project object */ = {
			isa = PBXProject;
			attributes = {
				LastSwiftUpdateCheck = 0810;
				LastUpgradeCheck = 0810;
				ORGANIZATIONNAME = "Alexander Iashchuk";
				TargetAttributes = {
					2AA977061DE760950075C381 = {
						CreatedOnToolsVersion = 8.1;
						DevelopmentTeam = 3NL9BUS2QV;
						ProvisioningStyle = Automatic;
					};
				};
			};
			buildConfigurationList = 2AA977021DE760950075C381 /* Build configuration list for PBXProject "speechtotext" */;
			compatibilityVersion = "Xcode 3.2";
			developmentRegion = English;
			hasScannedForEncodings = 0;
			knownRegions = (
				en,
				Base,
			);
			mainGroup = 2AA976FE1DE760950075C381;
			productRefGroup = 2AA977081DE760950075C381 /* Products */;
			projectDirPath = "";
			projectRoot = "";
			targets = (
				2AA977061DE760950075C381 /* speechtotext */,
			);
		};
/* End PBXProject section */

/* Begin PBXResourcesBuildPhase section */
		2AA977051DE760950075C381 /* Resources */ = {
			isa = PBXResourcesBuildPhase;
			buildActionMask = 2147483647;
			files = (
				2AA977151DE760950075C381 /* LaunchScreen.storyboard in Resources */,
				2AA977121DE760950075C381 /* Assets.xcassets in Resources */,
				2AA977101DE760950075C381 /* Main.storyboard in Resources */,
			);
			runOnlyForDeploymentPostprocessing = 0;
		};
/* End PBXResourcesBuildPhase section */

/* Begin PBXSourcesBuildPhase section */
		2AA977031DE760950075C381 /* Sources */ = {
			isa = PBXSourcesBuildPhase;
			buildActionMask = 2147483647;
			files = (
				2AA9770D1DE760950075C381 /* ViewController.swift in Sources */,
				2AA9770B1DE760950075C381 /* AppDelegate.swift in Sources */,
			);
			runOnlyForDeploymentPostprocessing = 0;
		};
/* End PBXSourcesBuildPhase section */

/* Begin PBXVariantGroup section */
		2AA9770E1DE760950075C381 /* Main.storyboard */ = {
			isa = PBXVariantGroup;
			children = (
				2AA9770F1DE760950075C381 /* Base */,
			);
			name = Main.storyboard;
			sourceTree = "<group>";
		};
		2AA977131DE760950075C381 /* LaunchScreen.storyboard */ = {
			isa = PBXVariantGroup;
			children = (
				2AA977141DE760950075C381 /* Base */,
			);
			name = LaunchScreen.storyboard;
			sourceTree = "<group>";
		};
/* End PBXVariantGroup section */

/* Begin XCBuildConfiguration section */
		2AA977171DE760950075C381 /* Debug */ = {
			isa = XCBuildConfiguration;
			buildSettings = {
				ALWAYS_SEARCH_USER_PATHS = NO;
				CLANG_ANALYZER_NONNULL = YES;
				CLANG_CXX_LANGUAGE_STANDARD = "gnu++0x";
				CLANG_CXX_LIBRARY = "libc++";
				CLANG_ENABLE_MODULES = YES;
				CLANG_ENABLE_OBJC_ARC = YES;
				CLANG_WARN_BOOL_CONVERSION = YES;
				CLANG_WARN_CONSTANT_CONVERSION = YES;
				CLANG_WARN_DIRECT_OBJC_ISA_USAGE = YES_ERROR;
				CLANG_WARN_DOCUMENTATION_COMMENTS = YES;
				CLANG_WARN_EMPTY_BODY = YES;
				CLANG_WARN_ENUM_CONVERSION = YES;
				CLANG_WARN_INFINITE_RECURSION = YES;
				CLANG_WARN_INT_CONVERSION = YES;
				CLANG_WARN_OBJC_ROOT_CLASS = YES_ERROR;
				CLANG_WARN_SUSPICIOUS_MOVES = YES;
				CLANG_WARN_UNREACHABLE_CODE = YES;
				CLANG_WARN__DUPLICATE_METHOD_MATCH = YES;
				"CODE_SIGN_IDENTITY[sdk=iphoneos*]" = "iPhone Developer";
				COPY_PHASE_STRIP = NO;
				DEBUG_INFORMATION_FORMAT = dwarf;
				ENABLE_STRICT_OBJC_MSGSEND = YES;
				ENABLE_TESTABILITY = YES;
				GCC_C_LANGUAGE_STANDARD = gnu99;
				GCC_DYNAMIC_NO_PIC = NO;
				GCC_NO_COMMON_BLOCKS = YES;
				GCC_OPTIMIZATION_LEVEL = 0;
				GCC_PREPROCESSOR_DEFINITIONS = (
					"DEBUG=1",
					"$(inherited)",
				);
				GCC_WARN_64_TO_32_BIT_CONVERSION = YES;
				GCC_WARN_ABOUT_RETURN_TYPE = YES_ERROR;
				GCC_WARN_UNDECLARED_SELECTOR = YES;
				GCC_WARN_UNINITIALIZED_AUTOS = YES_AGGRESSIVE;
				GCC_WARN_UNUSED_FUNCTION = YES;
				GCC_WARN_UNUSED_VARIABLE = YES;
				IPHONEOS_DEPLOYMENT_TARGET = 10.1;
				MTL_ENABLE_DEBUG_INFO = YES;
				ONLY_ACTIVE_ARCH = YES;
				SDKROOT = iphoneos;
				SWIFT_ACTIVE_COMPILATION_CONDITIONS = DEBUG;
				SWIFT_OPTIMIZATION_LEVEL = "-Onone";
			};
			name = Debug;
		};
		2AA977181DE760950075C381 /* Release */ = {
			isa = XCBuildConfiguration;
			buildSettings = {
				ALWAYS_SEARCH_USER_PATHS = NO;
				CLANG_ANALYZER_NONNULL = YES;
				CLANG_CXX_LANGUAGE_STANDARD = "gnu++0x";
				CLANG_CXX_LIBRARY = "libc++";
				CLANG_ENABLE_MODULES = YES;
				CLANG_ENABLE_OBJC_ARC = YES;
				CLANG_WARN_BOOL_CONVERSION = YES;
				CLANG_WARN_CONSTANT_CONVERSION = YES;
				CLANG_WARN_DIRECT_OBJC_ISA_USAGE = YES_ERROR;
				CLANG_WARN_DOCUMENTATION_COMMENTS = YES;
				CLANG_WARN_EMPTY_BODY = YES;
				CLANG_WARN_ENUM_CONVERSION = YES;
				CLANG_WARN_INFINITE_RECURSION = YES;
				CLANG_WARN_INT_CONVERSION = YES;
				CLANG_WARN_OBJC_ROOT_CLASS = YES_ERROR;
				CLANG_WARN_SUSPICIOUS_MOVES = YES;
				CLANG_WARN_UNREACHABLE_CODE = YES;
				CLANG_WARN__DUPLICATE_METHOD_MATCH = YES;
				"CODE_SIGN_IDENTITY[sdk=iphoneos*]" = "iPhone Developer";
				COPY_PHASE_STRIP = NO;
				DEBUG_INFORMATION_FORMAT = "dwarf-with-dsym";
				ENABLE_NS_ASSERTIONS = NO;
				ENABLE_STRICT_OBJC_MSGSEND = YES;
				GCC_C_LANGUAGE_STANDARD = gnu99;
				GCC_NO_COMMON_BLOCKS = YES;
				GCC_WARN_64_TO_32_BIT_CONVERSION = YES;
				GCC_WARN_ABOUT_RETURN_TYPE = YES_ERROR;
				GCC_WARN_UNDECLARED_SELECTOR = YES;
				GCC_WARN_UNINITIALIZED_AUTOS = YES_AGGRESSIVE;
				GCC_WARN_UNUSED_FUNCTION = YES;
				GCC_WARN_UNUSED_VARIABLE = YES;
				IPHONEOS_DEPLOYMENT_TARGET = 10.1;
				MTL_ENABLE_DEBUG_INFO = NO;
				SDKROOT = iphoneos;
				SWIFT_OPTIMIZATION_LEVEL = "-Owholemodule";
				VALIDATE_PRODUCT = YES;
			};
			name = Release;
		};
		2AA9771A1DE760950075C381 /* Debug */ = {
			isa = XCBuildConfiguration;
			buildSettings = {
				ASSETCATALOG_COMPILER_APPICON_NAME = AppIcon;
				DEVELOPMENT_TEAM = 3NL9BUS2QV;
				INFOPLIST_FILE = speechtotext/Info.plist;
				LD_RUNPATH_SEARCH_PATHS = "$(inherited) @executable_path/Frameworks";
				PRODUCT_BUNDLE_IDENTIFIER = com.iashchuk.speechtotext;
				PRODUCT_NAME = "$(TARGET_NAME)";
				SWIFT_VERSION = 3.0;
			};
			name = Debug;
		};
		2AA9771B1DE760950075C381 /* Release */ = {
			isa = XCBuildConfiguration;
			buildSettings = {
				ASSETCATALOG_COMPILER_APPICON_NAME = AppIcon;
				DEVELOPMENT_TEAM = 3NL9BUS2QV;
				INFOPLIST_FILE = speechtotext/Info.plist;
				LD_RUNPATH_SEARCH_PATHS = "$(inherited) @executable_path/Frameworks";
				PRODUCT_BUNDLE_IDENTIFIER = com.iashchuk.speechtotext;
				PRODUCT_NAME = "$(TARGET_NAME)";
				SWIFT_VERSION = 3.0;
			};
			name = Release;
		};
/* End XCBuildConfiguration section */

/* Begin XCConfigurationList section */
		2AA977021DE760950075C381 /* Build configuration list for PBXProject "speechtotext" */ = {
			isa = XCConfigurationList;
			buildConfigurations = (
				2AA977171DE760950075C381 /* Debug */,
				2AA977181DE760950075C381 /* Release */,
			);
			defaultConfigurationIsVisible = 0;
			defaultConfigurationName = Release;
		};
		2AA977191DE760950075C381 /* Build configuration list for PBXNativeTarget "speechtotext" */ = {
			isa = XCConfigurationList;
			buildConfigurations = (
				2AA9771A1DE760950075C381 /* Debug */,
				2AA9771B1DE760950075C381 /* Release */,
			);
			defaultConfigurationIsVisible = 0;
		};
/* End XCConfigurationList section */
	};
	rootObject = 2AA976FF1DE760950075C381 /* Project object */;
}
